
Microsoft Visual Studio Solution File, Format Version 12.00
# Visual Studio Version 16
VisualStudioVersion = 16.0.31321.278
MinimumVisualStudioVersion = 10.0.40219.1
Project("{FAE04EC0-301F-11D3-BF4B-00C04F79EFBC}") = "My_CV", "My_CV\My_CV.csproj", "{B432A9CA-D5D4-4697-8F3D-25CB1EFE2D0B}"
EndProject
Global
	GlobalSection(SolutionConfigurationPlatforms) = preSolution
		Debug|Any CPU = Debug|Any CPU
		Release|Any CPU = Release|Any CPU
	EndGlobalSection
	GlobalSection(ProjectConfigurationPlatforms) = postSolution
		{B432A9CA-D5D4-4697-8F3D-25CB1EFE2D0B}.Debug|Any CPU.ActiveCfg = Debug|Any CPU
		{B432A9CA-D5D4-4697-8F3D-25CB1EFE2D0B}.Debug|Any CPU.Build.0 = Debug|Any CPU
		{B432A9CA-D5D4-4697-8F3D-25CB1EFE2D0B}.Release|Any CPU.ActiveCfg = Release|Any CPU
		{B432A9CA-D5D4-4697-8F3D-25CB1EFE2D0B}.Release|Any CPU.Build.0 = Release|Any CPU
	EndGlobalSection
	GlobalSection(SolutionProperties) = preSolution
		HideSolutionNode = FALSE
	EndGlobalSection
	GlobalSection(ExtensibilityGlobals) = postSolution
		SolutionGuid = {0B66DF47-3FF7-467E-870B-3462B6FB9B39}
	EndGlobalSection
EndGlobal
